# THIS IS AN AUTOGENERATED FILE. DO NOT EDIT THIS FILE DIRECTLY.
# yarn lockfile v1


"@types/angular@^1.6.34":
  version "1.6.34"
  resolved "https://registry.yarnpkg.com/@types/angular/-/angular-1.6.34.tgz#05014ffcb0288b36056058b4c9dda9edf580bf4c"

angular@^1.6.6:
  version "1.6.6"
  resolved "https://registry.yarnpkg.com/angular/-/angular-1.6.6.tgz#fd5a3cfb437ce382d854ee01120797978527cb64"
